// !$*UTF8*$!
{
	archiveVersion = 1;
	classes = {
	};
	objectVersion = 56;
	objects = {

/* Begin PBXBuildFile section */
		C2ADC20329841AA300FA1B00 /* AppContestApp.swift in Sources */ = {isa = PBXBuildFile; fileRef = C2ADC20229841AA300FA1B00 /* AppContestApp.swift */; };
		C2ADC20529841AA300FA1B00 /* ContentView.swift in Sources */ = {isa = PBXBuildFile; fileRef = C2ADC20429841AA300FA1B00 /* ContentView.swift */; };
		C2ADC20729841AA500FA1B00 /* Assets.xcassets in Resources */ = {isa = PBXBuildFile; fileRef = C2ADC20629841AA500FA1B00 /* Assets.xcassets */; };
		C2ADC20A29841AA500FA1B00 /* Preview Assets.xcassets in Resources */ = {isa = PBXBuildFile; fileRef = C2ADC20929841AA500FA1B00 /* Preview Assets.xcassets */; };
		C2ADC21529841D4300FA1B00 /* SourceSansPro-Regular.ttf in Resources */ = {isa = PBXBuildFile; fileRef = C2ADC21229841D4300FA1B00 /* SourceSansPro-Regular.ttf */; };
		C2ADC21629841D4300FA1B00 /* SourceSansPro-Light.ttf in Resources */ = {isa = PBXBuildFile; fileRef = C2ADC21329841D4300FA1B00 /* SourceSansPro-Light.ttf */; };
		C2ADC21729841D4300FA1B00 /* SourceSansPro-SemiBold.ttf in Resources */ = {isa = PBXBuildFile; fileRef = C2ADC21429841D4300FA1B00 /* SourceSansPro-SemiBold.ttf */; };
		C2ADC21C298421E100FA1B00 /* friends1.jpg in Resources */ = {isa = PBXBuildFile; fileRef = C2ADC21A298421E100FA1B00 /* friends1.jpg */; };
		C2ADC21D298421E100FA1B00 /* friends2.jpg in Resources */ = {isa = PBXBuildFile; fileRef = C2ADC21B298421E100FA1B00 /* friends2.jpg */; };
/* End PBXBuildFile section */

/* Begin PBXFileReference section */
		C2ADC1FF29841AA300FA1B00 /* AppContest.app */ = {isa = PBXFileReference; explicitFileType = wrapper.application; includeInIndex = 0; path = AppContest.app; sourceTree = BUILT_PRODUCTS_DIR; };
		C2ADC20229841AA300FA1B00 /* AppContestApp.swift */ = {isa = PBXFileReference; lastKnownFileType = sourcecode.swift; path = AppContestApp.swift; sourceTree = "<group>"; };
		C2ADC20429841AA300FA1B00 /* ContentView.swift */ = {isa = PBXFileReference; lastKnownFileType = sourcecode.swift; path = ContentView.swift; sourceTree = "<group>"; };
		C2ADC20629841AA500FA1B00 /* Assets.xcassets */ = {isa = PBXFileReference; lastKnownFileType = folder.assetcatalog; path = Assets.xcassets; sourceTree = "<group>"; };
		C2ADC20929841AA500FA1B00 /* Preview Assets.xcassets */ = {isa = PBXFileReference; lastKnownFileType = folder.assetcatalog; path = "Preview Assets.xcassets"; sourceTree = "<group>"; };
		C2ADC21229841D4300FA1B00 /* SourceSansPro-Regular.ttf */ = {isa = PBXFileReference; lastKnownFileType = file; path = "SourceSansPro-Regular.ttf"; sourceTree = "<group>"; };
		C2ADC21329841D4300FA1B00 /* SourceSansPro-Light.ttf */ = {isa = PBXFileReference; lastKnownFileType = file; path = "SourceSansPro-Light.ttf"; sourceTree = "<group>"; };
		C2ADC21429841D4300FA1B00 /* SourceSansPro-SemiBold.ttf */ = {isa = PBXFileReference; lastKnownFileType = file; path = "SourceSansPro-SemiBold.ttf"; sourceTree = "<group>"; };
		C2ADC21829841DC600FA1B00 /* Info.plist */ = {isa = PBXFileReference; lastKnownFileType = text.plist; path = Info.plist; sourceTree = "<group>"; };
		C2ADC21A298421E100FA1B00 /* friends1.jpg */ = {isa = PBXFileReference; lastKnownFileType = image.jpeg; path = friends1.jpg; sourceTree = "<group>"; };
		C2ADC21B298421E100FA1B00 /* friends2.jpg */ = {isa = PBXFileReference; lastKnownFileType = image.jpeg; path = friends2.jpg; sourceTree = "<group>"; };
/* End PBXFileReference section */

/* Begin PBXFrameworksBuildPhase section */
		C2ADC1FC29841AA300FA1B00 /* Frameworks */ = {
			isa = PBXFrameworksBuildPhase;
			buildActionMask = 2147483647;
			files = (
			);
			runOnlyForDeploymentPostprocessing = 0;
		};
/* End PBXFrameworksBuildPhase section */

/* Begin PBXGroup section */
		C2ADC1F629841AA300FA1B00 = {
			isa = PBXGroup;
			children = (
				C2ADC20129841AA300FA1B00 /* AppContest */,
				C2ADC20029841AA300FA1B00 /* Products */,
			);
			sourceTree = "<group>";
		};
		C2ADC20029841AA300FA1B00 /* Products */ = {
			isa = PBXGroup;
			children = (
				C2ADC1FF29841AA300FA1B00 /* AppContest.app */,
			);
			name = Products;
			sourceTree = "<group>";
		};
		C2ADC20129841AA300FA1B00 /* AppContest */ = {
			isa = PBXGroup;
			children = (
				C2ADC21829841DC600FA1B00 /* Info.plist */,
				C2ADC21029841D0300FA1B00 /* Resources */,
				C2ADC20229841AA300FA1B00 /* AppContestApp.swift */,
				C2ADC20429841AA300FA1B00 /* ContentView.swift */,
				C2ADC20629841AA500FA1B00 /* Assets.xcassets */,
				C2ADC20829841AA500FA1B00 /* Preview Content */,
			);
			path = AppContest;
			sourceTree = "<group>";
		};
		C2ADC20829841AA500FA1B00 /* Preview Content */ = {
			isa = PBXGroup;
			children = (
				C2ADC20929841AA500FA1B00 /* Preview Assets.xcassets */,
			);
			path = "Preview Content";
			sourceTree = "<group>";
		};
		C2ADC21029841D0300FA1B00 /* Resources */ = {
			isa = PBXGroup;
			children = (
				C2ADC2192984216F00FA1B00 /* Images */,
				C2ADC21129841D0900FA1B00 /* Fonts */,
			);
			path = Resources;
			sourceTree = "<group>";
		};
		C2ADC21129841D0900FA1B00 /* Fonts */ = {
			isa = PBXGroup;
			children = (
				C2ADC21329841D4300FA1B00 /* SourceSansPro-Light.ttf */,
				C2ADC21229841D4300FA1B00 /* SourceSansPro-Regular.ttf */,
				C2ADC21429841D4300FA1B00 /* SourceSansPro-SemiBold.ttf */,
			);
			path = Fonts;
			sourceTree = "<group>";
		};
		C2ADC2192984216F00FA1B00 /* Images */ = {
			isa = PBXGroup;
			children = (
				C2ADC21A298421E100FA1B00 /* friends1.jpg */,
				C2ADC21B298421E100FA1B00 /* friends2.jpg */,
			);
			path = Images;
			sourceTree = "<group>";
		};
/* End PBXGroup section */

/* Begin PBXNativeTarget section */
		C2ADC1FE29841AA300FA1B00 /* AppContest */ = {
			isa = PBXNativeTarget;
			buildConfigurationList = C2ADC20D29841AA500FA1B00 /* Build configuration list for PBXNativeTarget "AppContest" */;
			buildPhases = (
				C2ADC1FB29841AA300FA1B00 /* Sources */,
				C2ADC1FC29841AA300FA1B00 /* Frameworks */,
				C2ADC1FD29841AA300FA1B00 /* Resources */,
			);
			buildRules = (
			);
			dependencies = (
			);
			name = AppContest;
			productName = AppContest;
			productReference = C2ADC1FF29841AA300FA1B00 /* AppContest.app */;
			productType = "com.apple.product-type.application";
		};
/* End PBXNativeTarget section */

/* Begin PBXProject section */
		C2ADC1F729841AA300FA1B00 /* Project object */ = {
			isa = PBXProject;
			attributes = {
				BuildIndependentTargetsInParallel = 1;
				LastSwiftUpdateCheck = 1420;
				LastUpgradeCheck = 1420;
				TargetAttributes = {
					C2ADC1FE29841AA300FA1B00 = {
						CreatedOnToolsVersion = 14.2;
					};
				};
			};
			buildConfigurationList = C2ADC1FA29841AA300FA1B00 /* Build configuration list for PBXProject "AppContest" */;
			compatibilityVersion = "Xcode 14.0";
			developmentRegion = en;
			hasScannedForEncodings = 0;
			knownRegions = (
				en,
				Base,
			);
			mainGroup = C2ADC1F629841AA300FA1B00;
			productRefGroup = C2ADC20029841AA300FA1B00 /* Products */;
			projectDirPath = "";
			projectRoot = "";
			targets = (
				C2ADC1FE29841AA300FA1B00 /* AppContest */,
			);
		};
/* End PBXProject section */

/* Begin PBXResourcesBuildPhase section */
		C2ADC1FD29841AA300FA1B00 /* Resources */ = {
			isa = PBXResourcesBuildPhase;
			buildActionMask = 2147483647;
			files = (
				C2ADC20A29841AA500FA1B00 /* Preview Assets.xcassets in Resources */,
				C2ADC21C298421E100FA1B00 /* friends1.jpg in Resources */,
				C2ADC20729841AA500FA1B00 /* Assets.xcassets in Resources */,
				C2ADC21729841D4300FA1B00 /* SourceSansPro-SemiBold.ttf in Resources */,
				C2ADC21529841D4300FA1B00 /* SourceSansPro-Regular.ttf in Resources */,
				C2ADC21629841D4300FA1B00 /* SourceSansPro-Light.ttf in Resources */,
				C2ADC21D298421E100FA1B00 /* friends2.jpg in Resources */,
			);
			runOnlyForDeploymentPostprocessing = 0;
		};
/* End PBXResourcesBuildPhase section */

/* Begin PBXSourcesBuildPhase section */
		C2ADC1FB29841AA300FA1B00 /* Sources */ = {
			isa = PBXSourcesBuildPhase;
			buildActionMask = 2147483647;
			files = (
				C2ADC20529841AA300FA1B00 /* ContentView.swift in Sources */,
				C2ADC20329841AA300FA1B00 /* AppContestApp.swift in Sources */,
			);
			runOnlyForDeploymentPostprocessing = 0;
		};
/* End PBXSourcesBuildPhase section */

/* Begin XCBuildConfiguration section */
		C2ADC20B29841AA500FA1B00 /* Debug */ = {
			isa = XCBuildConfiguration;
			buildSettings = {
				ALWAYS_SEARCH_USER_PATHS = NO;
				CLANG_ANALYZER_NONNULL = YES;
				CLANG_ANALYZER_NUMBER_OBJECT_CONVERSION = YES_AGGRESSIVE;
				CLANG_CXX_LANGUAGE_STANDARD = "gnu++20";
				CLANG_ENABLE_MODULES = YES;
				CLANG_ENABLE_OBJC_ARC = YES;
				CLANG_ENABLE_OBJC_WEAK = YES;
				CLANG_WARN_BLOCK_CAPTURE_AUTORELEASING = YES;
				CLANG_WARN_BOOL_CONVERSION = YES;
				CLANG_WARN_COMMA = YES;
				CLANG_WARN_CONSTANT_CONVERSION = YES;
				CLANG_WARN_DEPRECATED_OBJC_IMPLEMENTATIONS = YES;
				CLANG_WARN_DIRECT_OBJC_ISA_USAGE = YES_ERROR;
				CLANG_WARN_DOCUMENTATION_COMMENTS = YES;
				CLANG_WARN_EMPTY_BODY = YES;
				CLANG_WARN_ENUM_CONVERSION = YES;
				CLANG_WARN_INFINITE_RECURSION = YES;
				CLANG_WARN_INT_CONVERSION = YES;
				CLANG_WARN_NON_LITERAL_NULL_CONVERSION = YES;
				CLANG_WARN_OBJC_IMPLICIT_RETAIN_SELF = YES;
				CLANG_WARN_OBJC_LITERAL_CONVERSION = YES;
				CLANG_WARN_OBJC_ROOT_CLASS = YES_ERROR;
				CLANG_WARN_QUOTED_INCLUDE_IN_FRAMEWORK_HEADER = YES;
				CLANG_WARN_RANGE_LOOP_ANALYSIS = YES;
				CLANG_WARN_STRICT_PROTOTYPES = YES;
				CLANG_WARN_SUSPICIOUS_MOVE = YES;
				CLANG_WARN_UNGUARDED_AVAILABILITY = YES_AGGRESSIVE;
				CLANG_WARN_UNREACHABLE_CODE = YES;
				CLANG_WARN__DUPLICATE_METHOD_MATCH = YES;
				COPY_PHASE_STRIP = NO;
				DEBUG_INFORMATION_FORMAT = dwarf;
				ENABLE_STRICT_OBJC_MSGSEND = YES;
				ENABLE_TESTABILITY = YES;
				GCC_C_LANGUAGE_STANDARD = gnu11;
				GCC_DYNAMIC_NO_PIC = NO;
				GCC_NO_COMMON_BLOCKS = YES;
				GCC_OPTIMIZATION_LEVEL = 0;
				GCC_PREPROCESSOR_DEFINITIONS = (
					"DEBUG=1",
					"$(inherited)",
				);
				GCC_WARN_64_TO_32_BIT_CONVERSION = YES;
				GCC_WARN_ABOUT_RETURN_TYPE = YES_ERROR;
				GCC_WARN_UNDECLARED_SELECTOR = YES;
				GCC_WARN_UNINITIALIZED_AUTOS = YES_AGGRESSIVE;
				GCC_WARN_UNUSED_FUNCTION = YES;
				GCC_WARN_UNUSED_VARIABLE = YES;
				IPHONEOS_DEPLOYMENT_TARGET = 16.2;
				MTL_ENABLE_DEBUG_INFO = INCLUDE_SOURCE;
				MTL_FAST_MATH = YES;
				ONLY_ACTIVE_ARCH = YES;
				SDKROOT = iphoneos;
				SWIFT_ACTIVE_COMPILATION_CONDITIONS = DEBUG;
				SWIFT_OPTIMIZATION_LEVEL = "-Onone";
			};
			name = Debug;
		};
		C2ADC20C29841AA500FA1B00 /* Release */ = {
			isa = XCBuildConfiguration;
			buildSettings = {
				ALWAYS_SEARCH_USER_PATHS = NO;
				CLANG_ANALYZER_NONNULL = YES;
				CLANG_ANALYZER_NUMBER_OBJECT_CONVERSION = YES_AGGRESSIVE;
				CLANG_CXX_LANGUAGE_STANDARD = "gnu++20";
				CLANG_ENABLE_MODULES = YES;
				CLANG_ENABLE_OBJC_ARC = YES;
				CLANG_ENABLE_OBJC_WEAK = YES;
				CLANG_WARN_BLOCK_CAPTURE_AUTORELEASING = YES;
				CLANG_WARN_BOOL_CONVERSION = YES;
				CLANG_WARN_COMMA = YES;
				CLANG_WARN_CONSTANT_CONVERSION = YES;
				CLANG_WARN_DEPRECATED_OBJC_IMPLEMENTATIONS = YES;
				CLANG_WARN_DIRECT_OBJC_ISA_USAGE = YES_ERROR;
				CLANG_WARN_DOCUMENTATION_COMMENTS = YES;
				CLANG_WARN_EMPTY_BODY = YES;
				CLANG_WARN_ENUM_CONVERSION = YES;
				CLANG_WARN_INFINITE_RECURSION = YES;
				CLANG_WARN_INT_CONVERSION = YES;
				CLANG_WARN_NON_LITERAL_NULL_CONVERSION = YES;
				CLANG_WARN_OBJC_IMPLICIT_RETAIN_SELF = YES;
				CLANG_WARN_OBJC_LITERAL_CONVERSION = YES;
				CLANG_WARN_OBJC_ROOT_CLASS = YES_ERROR;
				CLANG_WARN_QUOTED_INCLUDE_IN_FRAMEWORK_HEADER = YES;
				CLANG_WARN_RANGE_LOOP_ANALYSIS = YES;
				CLANG_WARN_STRICT_PROTOTYPES = YES;
				CLANG_WARN_SUSPICIOUS_MOVE = YES;
				CLANG_WARN_UNGUARDED_AVAILABILITY = YES_AGGRESSIVE;
				CLANG_WARN_UNREACHABLE_CODE = YES;
				CLANG_WARN__DUPLICATE_METHOD_MATCH = YES;
				COPY_PHASE_STRIP = NO;
				DEBUG_INFORMATION_FORMAT = "dwarf-with-dsym";
				ENABLE_NS_ASSERTIONS = NO;
				ENABLE_STRICT_OBJC_MSGSEND = YES;
				GCC_C_LANGUAGE_STANDARD = gnu11;
				GCC_NO_COMMON_BLOCKS = YES;
				GCC_WARN_64_TO_32_BIT_CONVERSION = YES;
				GCC_WARN_ABOUT_RETURN_TYPE = YES_ERROR;
				GCC_WARN_UNDECLARED_SELECTOR = YES;
				GCC_WARN_UNINITIALIZED_AUTOS = YES_AGGRESSIVE;
				GCC_WARN_UNUSED_FUNCTION = YES;
				GCC_WARN_UNUSED_VARIABLE = YES;
				IPHONEOS_DEPLOYMENT_TARGET = 16.2;
				MTL_ENABLE_DEBUG_INFO = NO;
				MTL_FAST_MATH = YES;
				SDKROOT = iphoneos;
				SWIFT_COMPILATION_MODE = wholemodule;
				SWIFT_OPTIMIZATION_LEVEL = "-O";
				VALIDATE_PRODUCT = YES;
			};
			name = Release;
		};
		C2ADC20E29841AA500FA1B00 /* Debug */ = {
			isa = XCBuildConfiguration;
			buildSettings = {
				ASSETCATALOG_COMPILER_APPICON_NAME = AppIcon;
				ASSETCATALOG_COMPILER_GLOBAL_ACCENT_COLOR_NAME = AccentColor;
				CODE_SIGN_STYLE = Automatic;
				CURRENT_PROJECT_VERSION = 1;
				DEVELOPMENT_ASSET_PATHS = "\"AppContest/Preview Content\"";
				DEVELOPMENT_TEAM = 32VPA6HJ38;
				ENABLE_PREVIEWS = YES;
				GENERATE_INFOPLIST_FILE = YES;
				INFOPLIST_FILE = AppContest/Info.plist;
				INFOPLIST_KEY_UIApplicationSceneManifest_Generation = YES;
				INFOPLIST_KEY_UIApplicationSupportsIndirectInputEvents = YES;
				INFOPLIST_KEY_UILaunchScreen_Generation = YES;
				INFOPLIST_KEY_UISupportedInterfaceOrientations_iPad = "UIInterfaceOrientationPortrait UIInterfaceOrientationPortraitUpsideDown UIInterfaceOrientationLandscapeLeft UIInterfaceOrientationLandscapeRight";
				INFOPLIST_KEY_UISupportedInterfaceOrientations_iPhone = "UIInterfaceOrientationPortrait UIInterfaceOrientationLandscapeLeft UIInterfaceOrientationLandscapeRight";
				LD_RUNPATH_SEARCH_PATHS = (
					"$(inherited)",
					"@executable_path/Frameworks",
				);
				MARKETING_VERSION = 1.0;
				PRODUCT_BUNDLE_IDENTIFIER = com.bertranddalleau.appcontest.AppContest;
				PRODUCT_NAME = "$(TARGET_NAME)";
				SWIFT_EMIT_LOC_STRINGS = YES;
				SWIFT_VERSION = 5.0;
				TARGETED_DEVICE_FAMILY = "1,2";
			};
			name = Debug;
		};
		C2ADC20F29841AA500FA1B00 /* Release */ = {
			isa = XCBuildConfiguration;
			buildSettings = {
				ASSETCATALOG_COMPILER_APPICON_NAME = AppIcon;
				ASSETCATALOG_COMPILER_GLOBAL_ACCENT_COLOR_NAME = AccentColor;
				CODE_SIGN_STYLE = Automatic;
				CURRENT_PROJECT_VERSION = 1;
				DEVELOPMENT_ASSET_PATHS = "\"AppContest/Preview Content\"";
				DEVELOPMENT_TEAM = 32VPA6HJ38;
				ENABLE_PREVIEWS = YES;
				GENERATE_INFOPLIST_FILE = YES;
				INFOPLIST_FILE = AppContest/Info.plist;
				INFOPLIST_KEY_UIApplicationSceneManifest_Generation = YES;
				INFOPLIST_KEY_UIApplicationSupportsIndirectInputEvents = YES;
				INFOPLIST_KEY_UILaunchScreen_Generation = YES;
				INFOPLIST_KEY_UISupportedInterfaceOrientations_iPad = "UIInterfaceOrientationPortrait UIInterfaceOrientationPortraitUpsideDown UIInterfaceOrientationLandscapeLeft UIInterfaceOrientationLandscapeRight";
				INFOPLIST_KEY_UISupportedInterfaceOrientations_iPhone = "UIInterfaceOrientationPortrait UIInterfaceOrientationLandscapeLeft UIInterfaceOrientationLandscapeRight";
				LD_RUNPATH_SEARCH_PATHS = (
					"$(inherited)",
					"@executable_path/Frameworks",
				);
				MARKETING_VERSION = 1.0;
				PRODUCT_BUNDLE_IDENTIFIER = com.bertranddalleau.appcontest.AppContest;
				PRODUCT_NAME = "$(TARGET_NAME)";
				SWIFT_EMIT_LOC_STRINGS = YES;
				SWIFT_VERSION = 5.0;
				TARGETED_DEVICE_FAMILY = "1,2";
			};
			name = Release;
		};
/* End XCBuildConfiguration section */

/* Begin XCConfigurationList section */
		C2ADC1FA29841AA300FA1B00 /* Build configuration list for PBXProject "AppContest" */ = {
			isa = XCConfigurationList;
			buildConfigurations = (
				C2ADC20B29841AA500FA1B00 /* Debug */,
				C2ADC20C29841AA500FA1B00 /* Release */,
			);
			defaultConfigurationIsVisible = 0;
			defaultConfigurationName = Release;
		};
		C2ADC20D29841AA500FA1B00 /* Build configuration list for PBXNativeTarget "AppContest" */ = {
			isa = XCConfigurationList;
			buildConfigurations = (
				C2ADC20E29841AA500FA1B00 /* Debug */,
				C2ADC20F29841AA500FA1B00 /* Release */,
			);
			defaultConfigurationIsVisible = 0;
			defaultConfigurationName = Release;
		};
/* End XCConfigurationList section */
	};
	rootObject = C2ADC1F729841AA300FA1B00 /* Project object */;
}
